
Microsoft Visual Studio Solution File, Format Version 12.00
# Visual Studio Version 17
VisualStudioVersion = 17.4.33213.308
MinimumVisualStudioVersion = 10.0.40219.1
Project("{FAE04EC0-301F-11D3-BF4B-00C04F79EFBC}") = "MyCoreApp", "MyCoreApp\MyCoreApp.csproj", "{0405DB11-1637-41B1-9F48-79B9D2FA6228}"
EndProject
Global
	GlobalSection(SolutionConfigurationPlatforms) = preSolution
		Debug|Any CPU = Debug|Any CPU
		Release|Any CPU = Release|Any CPU
	EndGlobalSection
	GlobalSection(ProjectConfigurationPlatforms) = postSolution
		{0405DB11-1637-41B1-9F48-79B9D2FA6228}.Debug|Any CPU.ActiveCfg = Debug|Any CPU
		{0405DB11-1637-41B1-9F48-79B9D2FA6228}.Debug|Any CPU.Build.0 = Debug|Any CPU
		{0405DB11-1637-41B1-9F48-79B9D2FA6228}.Release|Any CPU.ActiveCfg = Release|Any CPU
		{0405DB11-1637-41B1-9F48-79B9D2FA6228}.Release|Any CPU.Build.0 = Release|Any CPU
	EndGlobalSection
	GlobalSection(SolutionProperties) = preSolution
		HideSolutionNode = FALSE
	EndGlobalSection
	GlobalSection(ExtensibilityGlobals) = postSolution
		SolutionGuid = {6758D5D4-2CD3-4FD3-BD6C-3B3CBF0DFF43}
	EndGlobalSection
EndGlobal
